
Microsoft Visual Studio Solution File, Format Version 12.00
Project("{FAE04EC0-301F-11D3-BF4B-00C04F79EFBC}") = "GitAndStartAPIs", "GitAndStartAPIs.csproj", "{495BCB33-4037-4D31-BF79-538FB16B38D1}"
EndProject
Global
	GlobalSection(SolutionConfigurationPlatforms) = preSolution
		Debug|Any CPU = Debug|Any CPU
		Release|Any CPU = Release|Any CPU
	EndGlobalSection
	GlobalSection(ProjectConfigurationPlatforms) = postSolution
		{495BCB33-4037-4D31-BF79-538FB16B38D1}.Debug|Any CPU.ActiveCfg = Debug|Any CPU
		{495BCB33-4037-4D31-BF79-538FB16B38D1}.Debug|Any CPU.Build.0 = Debug|Any CPU
		{495BCB33-4037-4D31-BF79-538FB16B38D1}.Release|Any CPU.ActiveCfg = Release|Any CPU
		{495BCB33-4037-4D31-BF79-538FB16B38D1}.Release|Any CPU.Build.0 = Release|Any CPU
	EndGlobalSection
EndGlobal
